
Microsoft Visual Studio Solution File, Format Version 12.00
# Visual Studio Version 17
VisualStudioVersion = 17.0.31919.166
MinimumVisualStudioVersion = 10.0.40219.1
Project("{9A19103F-16F7-4668-BE54-9A1E7A4F7556}") = "Airnet_Backend", "Airnet_Backend\Airnet_Backend.csproj", "{9D176A15-167A-4E01-B2E0-8CC4CFDDE64B}"
EndProject
Project("{2150E333-8FDC-42A3-9474-1A3956D46DE8}") = "Solution Items", "Solution Items", "{B85A7B0F-8159-438C-872F-CDBFA4A4D6B7}"
	ProjectSection(SolutionItems) = preProject
		.editorconfig = .editorconfig
	EndProjectSection
EndProject
Project("{FAE04EC0-301F-11D3-BF4B-00C04F79EFBC}") = "Airnet_Backend.Test", "Airnet_Backend.Test\Airnet_Backend.Test.csproj", "{3CF8DB08-B3DB-4B7B-93CB-2E32B6B3F3CF}"
EndProject
Global
	GlobalSection(SolutionConfigurationPlatforms) = preSolution
		Debug|Any CPU = Debug|Any CPU
		Release|Any CPU = Release|Any CPU
	EndGlobalSection
	GlobalSection(ProjectConfigurationPlatforms) = postSolution
		{9D176A15-167A-4E01-B2E0-8CC4CFDDE64B}.Debug|Any CPU.ActiveCfg = Debug|Any CPU
		{9D176A15-167A-4E01-B2E0-8CC4CFDDE64B}.Debug|Any CPU.Build.0 = Debug|Any CPU
		{9D176A15-167A-4E01-B2E0-8CC4CFDDE64B}.Release|Any CPU.ActiveCfg = Release|Any CPU
		{9D176A15-167A-4E01-B2E0-8CC4CFDDE64B}.Release|Any CPU.Build.0 = Release|Any CPU
		{3CF8DB08-B3DB-4B7B-93CB-2E32B6B3F3CF}.Debug|Any CPU.ActiveCfg = Debug|Any CPU
		{3CF8DB08-B3DB-4B7B-93CB-2E32B6B3F3CF}.Debug|Any CPU.Build.0 = Debug|Any CPU
		{3CF8DB08-B3DB-4B7B-93CB-2E32B6B3F3CF}.Release|Any CPU.ActiveCfg = Release|Any CPU
		{3CF8DB08-B3DB-4B7B-93CB-2E32B6B3F3CF}.Release|Any CPU.Build.0 = Release|Any CPU
	EndGlobalSection
	GlobalSection(SolutionProperties) = preSolution
		HideSolutionNode = FALSE
	EndGlobalSection
	GlobalSection(ExtensibilityGlobals) = postSolution
		SolutionGuid = {7AC6B37F-7A5D-436F-8338-E3510A6B5759}
	EndGlobalSection
EndGlobal
